
Microsoft Visual Studio Solution File, Format Version 12.00
# Visual Studio 2012
Project("{FAE04EC0-301F-11D3-BF4B-00C04F79EFBC}") = "Mgmt30toolset", "Mgmt30toolset.csproj", "{08EA24EE-024D-4FEF-9CBD-BF73FED6F8BF}"
EndProject
Global
	GlobalSection(SolutionConfigurationPlatforms) = preSolution
		Debug|Any CPU = Debug|Any CPU
		Release|Any CPU = Release|Any CPU
	EndGlobalSection
	GlobalSection(ProjectConfigurationPlatforms) = postSolution
		{08EA24EE-024D-4FEF-9CBD-BF73FED6F8BF}.Debug|Any CPU.ActiveCfg = Debug|Any CPU
		{08EA24EE-024D-4FEF-9CBD-BF73FED6F8BF}.Debug|Any CPU.Build.0 = Debug|Any CPU
		{08EA24EE-024D-4FEF-9CBD-BF73FED6F8BF}.Release|Any CPU.ActiveCfg = Release|Any CPU
		{08EA24EE-024D-4FEF-9CBD-BF73FED6F8BF}.Release|Any CPU.Build.0 = Release|Any CPU
	EndGlobalSection
EndGlobal
